
Microsoft Visual Studio Solution File, Format Version 12.00
# Visual Studio 15
VisualStudioVersion = 15.0.27703.2035
MinimumVisualStudioVersion = 10.0.40219.1
Project("{FAE04EC0-301F-11D3-BF4B-00C04F79EFBC}") = "Oraculo", "Oraculo\Oraculo.csproj", "{A7DC96AD-9165-4099-BFD0-1D106CACC1A5}"
EndProject
Global
	GlobalSection(SolutionConfigurationPlatforms) = preSolution
		Debug|Any CPU = Debug|Any CPU
		Release|Any CPU = Release|Any CPU
	EndGlobalSection
	GlobalSection(ProjectConfigurationPlatforms) = postSolution
		{A7DC96AD-9165-4099-BFD0-1D106CACC1A5}.Debug|Any CPU.ActiveCfg = Debug|Any CPU
		{A7DC96AD-9165-4099-BFD0-1D106CACC1A5}.Debug|Any CPU.Build.0 = Debug|Any CPU
		{A7DC96AD-9165-4099-BFD0-1D106CACC1A5}.Release|Any CPU.ActiveCfg = Release|Any CPU
		{A7DC96AD-9165-4099-BFD0-1D106CACC1A5}.Release|Any CPU.Build.0 = Release|Any CPU
	EndGlobalSection
	GlobalSection(SolutionProperties) = preSolution
		HideSolutionNode = FALSE
	EndGlobalSection
	GlobalSection(ExtensibilityGlobals) = postSolution
		SolutionGuid = {BA900404-AE20-45CE-9EF1-F27791B3F443}
	EndGlobalSection
EndGlobal
